
Microsoft Visual Studio Solution File, Format Version 12.00
# Visual Studio 15
VisualStudioVersion = 15.0.27428.2002
MinimumVisualStudioVersion = 10.0.40219.1
Project("{8BC9CEB8-8B4A-11D0-8D11-00A0C91BC942}") = "deformation_transfer原图", "deformation_transfer原图\deformation_transfer原图.vcxproj", "{240C45B2-9139-441D-9DAE-D5BA00F5F6E7}"
EndProject
Global
	GlobalSection(SolutionConfigurationPlatforms) = preSolution
		Debug|x64 = Debug|x64
		Debug|x86 = Debug|x86
		Release|x64 = Release|x64
		Release|x86 = Release|x86
	EndGlobalSection
	GlobalSection(ProjectConfigurationPlatforms) = postSolution
		{240C45B2-9139-441D-9DAE-D5BA00F5F6E7}.Debug|x64.ActiveCfg = Debug|x64
		{240C45B2-9139-441D-9DAE-D5BA00F5F6E7}.Debug|x64.Build.0 = Debug|x64
		{240C45B2-9139-441D-9DAE-D5BA00F5F6E7}.Debug|x86.ActiveCfg = Debug|Win32
		{240C45B2-9139-441D-9DAE-D5BA00F5F6E7}.Debug|x86.Build.0 = Debug|Win32
		{240C45B2-9139-441D-9DAE-D5BA00F5F6E7}.Release|x64.ActiveCfg = Release|x64
		{240C45B2-9139-441D-9DAE-D5BA00F5F6E7}.Release|x64.Build.0 = Release|x64
		{240C45B2-9139-441D-9DAE-D5BA00F5F6E7}.Release|x86.ActiveCfg = Release|Win32
		{240C45B2-9139-441D-9DAE-D5BA00F5F6E7}.Release|x86.Build.0 = Release|Win32
	EndGlobalSection
	GlobalSection(SolutionProperties) = preSolution
		HideSolutionNode = FALSE
	EndGlobalSection
	GlobalSection(ExtensibilityGlobals) = postSolution
		SolutionGuid = {2ABBD9D0-B3EA-4437-95D4-CDE9E2430CBA}
	EndGlobalSection
EndGlobal
